version: 7
platforms:
- name: win-64
  virtual-packages:
  - __win=10.0
  - __archspec=0=x86_64
environments:
  build:
    channels:
    - url: https://conda.anaconda.org/conda-forge/
    packages:
      win-64:
      - conda: https://conda.anaconda.org/conda-forge/noarch/ca-certificates-2026.7.22-h4c7d964_0.conda
      - conda: https://conda.anaconda.org/conda-forge/noarch/importlib_resources-7.1.0-pyhd8ed1ab_0.conda
      - conda: https://conda.anaconda.org/conda-forge/noarch/libgcc-devel_win-64-13.2.0-hd2b4ab7_113.conda
      - conda: https://conda.anaconda.org/conda-forge/noarch/libstdcxx-devel_win-64-13.2.0-hd2b4ab7_113.conda
      - conda: https://conda.anaconda.org/conda-forge/noarch/m2w64-sysroot_win-64-12.0.0.r4.gg4f2fc60ca-h42d2897_11.conda
      - conda: https://conda.anaconda.org/conda-forge/noarch/mingw-w64-ucrt-x86_64-crt-git-12.0.0.r4.gg4f2fc60ca-h8858e54_11.conda
      - conda: https://conda.anaconda.org/conda-forge/noarch/mingw-w64-ucrt-x86_64-headers-git-12.0.0.r4.gg4f2fc60ca-hc364b38_11.conda
      - conda: https://conda.anaconda.org/conda-forge/noarch/mingw-w64-ucrt-x86_64-windows-default-manifest-6.4-he206cdd_7.conda
      - conda: https://conda.anaconda.org/conda-forge/noarch/mingw-w64-ucrt-x86_64-winpthreads-git-12.0.0.r4.gg4f2fc60ca-h8858e54_11.conda
      - conda: https://conda.anaconda.org/conda-forge/noarch/pefile-2024.8.26-pyhd8ed1ab_1.conda
      - conda: https://conda.anaconda.org/conda-forge/noarch/python_abi-3.14-8_cp314t.conda
      - conda: https://conda.anaconda.org/conda-forge/noarch/setuptools-84.0.0-pyh332efcf_0.conda
      - conda: https://conda.anaconda.org/conda-forge/noarch/tzdata-2026c-h151e31d_0.conda
      - conda: https://conda.anaconda.org/conda-forge/noarch/zipp-4.1.0-pyhcf101f3_0.conda
      - conda: https://conda.anaconda.org/conda-forge/win-64/_openmp_mutex-4.5-20_gnu.conda
      - conda: https://conda.anaconda.org/conda-forge/win-64/binutils_impl_win-64-2.40-h095e170_7.conda
      - conda: https://conda.anaconda.org/conda-forge/win-64/binutils_win-64-2.40-hc5e58ff_9.conda
      - conda: https://conda.anaconda.org/conda-forge/win-64/bzip2-1.0.8-h0ad9c76_10.conda
      - conda: https://conda.anaconda.org/conda-forge/win-64/capstone-5.0.9-py314hac7e1cd_1.conda
      - conda: https://conda.anaconda.org/conda-forge/win-64/cmake-3.31.8-hdcbee5b_0.conda
      - conda: https://conda.anaconda.org/conda-forge/win-64/gcc_impl_win-64-13.2.0-h5ae647a_13.conda
      - conda: https://conda.anaconda.org/conda-forge/win-64/gcc_win-64-13.2.0-h218ae67_9.conda
      - conda: https://conda.anaconda.org/conda-forge/win-64/gendef-v12.0.0.r1.ggdc42231f0-he1bec0e_2.conda
      - conda: https://conda.anaconda.org/conda-forge/win-64/gxx_impl_win-64-13.2.0-hef38fad_13.conda
      - conda: https://conda.anaconda.org/conda-forge/win-64/gxx_win-64-13.2.0-h218ae67_9.conda
      - conda: https://conda.anaconda.org/conda-forge/win-64/icu-78.3-h5112557_2.conda
      - conda: https://conda.anaconda.org/conda-forge/win-64/krb5-1.22.2-h719d79b_2.conda
      - conda: https://conda.anaconda.org/conda-forge/win-64/ld_impl_win-64-2.40-hae1bf67_7.conda
      - conda: https://conda.anaconda.org/conda-forge/win-64/libcapstone-5.0.9-hfd05255_1.conda
      - conda: https://conda.anaconda.org/conda-forge/win-64/libcurl-8.21.0-hdb0ef4a_5.conda
      - conda: https://conda.anaconda.org/conda-forge/win-64/libexpat-2.8.1-hac47afa_1.conda
      - conda: https://conda.anaconda.org/conda-forge/win-64/libffi-3.7.0-h3d046cb_0.conda
      - conda: https://conda.anaconda.org/conda-forge/win-64/libgcc-13.2.0-h1383e82_13.conda
      - conda: https://conda.anaconda.org/conda-forge/win-64/libgomp-13.2.0-h1383e82_13.conda
      - conda: https://conda.anaconda.org/conda-forge/win-64/liblzma-5.8.3-hfd05255_1.conda
      - conda: https://conda.anaconda.org/conda-forge/win-64/libmpdec-4.0.0-hfd05255_2.conda
      - conda: https://conda.anaconda.org/conda-forge/win-64/libpsl-0.23.1-h9b16d47_1.conda
      - conda: https://conda.anaconda.org/conda-forge/win-64/libsqlite-3.53.4-hf5d6505_1.conda
      - conda: https://conda.anaconda.org/conda-forge/win-64/libssh2-1.11.1-h734d217_1.conda
      - conda: https://conda.anaconda.org/conda-forge/win-64/libstdcxx-13.2.0-h904f734_13.conda
      - conda: https://conda.anaconda.org/conda-forge/win-64/libuv-1.52.1-h6a83c73_1.conda
      - conda: https://conda.anaconda.org/conda-forge/win-64/libwinpthread-12.0.0.r4.gg4f2fc60ca-h11686cb_11.conda
      - conda: https://conda.anaconda.org/conda-forge/win-64/libzlib-1.3.2-hfd05255_3.conda
      - conda: https://conda.anaconda.org/conda-forge/win-64/m2-conda-epoch-20250515-0_x86_64.conda
      - conda: https://conda.anaconda.org/conda-forge/win-64/ninja-1.13.2-h477610d_1.conda
      - conda: https://conda.anaconda.org/conda-forge/win-64/openssl-3.6.3-hf411b9b_1.conda
      - conda: https://conda.anaconda.org/conda-forge/win-64/python-3.14.7-hb4b0029_0_cp314t.conda
      - conda: https://conda.anaconda.org/conda-forge/win-64/tk-8.6.13-h967ab96_4.conda
      - conda: https://conda.anaconda.org/conda-forge/win-64/ucrt-10.0.26100.0-h57928b3_0.conda
      - conda: https://conda.anaconda.org/conda-forge/win-64/vc-14.5-ha367084_41.conda
      - conda: https://conda.anaconda.org/conda-forge/win-64/vc14_runtime-14.51.36247-habf1de7_41.conda
      - conda: https://conda.anaconda.org/conda-forge/win-64/vcomp14-14.51.36247-habf1de7_41.conda
      - conda: https://conda.anaconda.org/conda-forge/win-64/zstd-1.5.7-h534d264_7.conda
  default:
    channels:
    - url: https://conda.anaconda.org/conda-forge/
    packages:
      win-64:
      - conda: https://conda.anaconda.org/conda-forge/noarch/ca-certificates-2026.7.22-h4c7d964_0.conda
      - conda: https://conda.anaconda.org/conda-forge/noarch/importlib_resources-7.1.0-pyhd8ed1ab_0.conda
      - conda: https://conda.anaconda.org/conda-forge/noarch/pefile-2024.8.26-pyhd8ed1ab_1.conda
      - conda: https://conda.anaconda.org/conda-forge/noarch/python_abi-3.14-8_cp314t.conda
      - conda: https://conda.anaconda.org/conda-forge/noarch/setuptools-84.0.0-pyh332efcf_0.conda
      - conda: https://conda.anaconda.org/conda-forge/noarch/tzdata-2026c-h151e31d_0.conda
      - conda: https://conda.anaconda.org/conda-forge/noarch/zipp-4.1.0-pyhcf101f3_0.conda
      - conda: https://conda.anaconda.org/conda-forge/win-64/bzip2-1.0.8-h0ad9c76_10.conda
      - conda: https://conda.anaconda.org/conda-forge/win-64/capstone-5.0.9-py314hac7e1cd_1.conda
      - conda: https://conda.anaconda.org/conda-forge/win-64/libcapstone-5.0.9-hfd05255_1.conda
      - conda: https://conda.anaconda.org/conda-forge/win-64/libexpat-2.8.1-hac47afa_1.conda
      - conda: https://conda.anaconda.org/conda-forge/win-64/libffi-3.7.0-h3d046cb_0.conda
      - conda: https://conda.anaconda.org/conda-forge/win-64/liblzma-5.8.3-hfd05255_1.conda
      - conda: https://conda.anaconda.org/conda-forge/win-64/libmpdec-4.0.0-hfd05255_2.conda
      - conda: https://conda.anaconda.org/conda-forge/win-64/libsqlite-3.53.4-hf5d6505_1.conda
      - conda: https://conda.anaconda.org/conda-forge/win-64/libzlib-1.3.2-hfd05255_3.conda
      - conda: https://conda.anaconda.org/conda-forge/win-64/openssl-3.6.3-hf411b9b_1.conda
      - conda: https://conda.anaconda.org/conda-forge/win-64/python-3.14.7-hb4b0029_0_cp314t.conda
      - conda: https://conda.anaconda.org/conda-forge/win-64/tk-8.6.13-h967ab96_4.conda
      - conda: https://conda.anaconda.org/conda-forge/win-64/ucrt-10.0.26100.0-h57928b3_0.conda
      - conda: https://conda.anaconda.org/conda-forge/win-64/vc-14.5-ha367084_41.conda
      - conda: https://conda.anaconda.org/conda-forge/win-64/vc14_runtime-14.51.36247-habf1de7_41.conda
      - conda: https://conda.anaconda.org/conda-forge/win-64/vcomp14-14.51.36247-habf1de7_41.conda
      - conda: https://conda.anaconda.org/conda-forge/win-64/zstd-1.5.7-h534d264_7.conda
packages:
- conda: https://conda.anaconda.org/conda-forge/noarch/ca-certificates-2026.7.22-h4c7d964_0.conda
  sha256: 95e8e74062a5fe5f870ac8c90302b6e89945165fdaed7810606e84ddee6aac12
  md5: e27d2ac27b096dc51fedfcf775a53f9b
  depends:
  - __win
  license: ISC
  run_exports: {}
  size: 132136
  timestamp: 1784754918886
- conda: https://conda.anaconda.org/conda-forge/noarch/importlib_resources-7.1.0-pyhd8ed1ab_0.conda
  sha256: a563a51aa522998172838e867e6dedcf630bc45796e8612f5a1f6d73e9c8125a
  md5: 0ba6225c279baf7ea9473a62ea0ec9ae
  depends:
  - python >=3.10
  - zipp >=3.1.0
  constrains:
  - importlib-resources >=7.1.0,<7.1.1.0a0
  license: Apache-2.0
  license_family: APACHE
  run_exports: {}
  size: 34809
  timestamp: 1776068839274
- conda: https://conda.anaconda.org/conda-forge/noarch/libgcc-devel_win-64-13.2.0-hd2b4ab7_113.conda
  sha256: fec61ab8423a4eb65d3b15a09d582b6b908e4a6036526d2f91c225c1340573b8
  md5: 6b6922bf381aa59d2b205c59ab054cfc
  depends:
  - __win
  license: GPL-3.0-only WITH GCC-exception-3.1
  license_family: GPL
  run_exports: {}
  size: 2063984
  timestamp: 1719181936394
- conda: https://conda.anaconda.org/conda-forge/noarch/libstdcxx-devel_win-64-13.2.0-hd2b4ab7_113.conda
  sha256: 54df7386443e9305ac7dd2891c6ef880ba4b1da8229e19da85247b27eda03906
  md5: 9bfea3b4237a2e6df2930794a0a0d5b6
  depends:
  - __win
  license: GPL-3.0-only WITH GCC-exception-3.1
  license_family: GPL
  run_exports: {}
  size: 7509751
  timestamp: 1719181970701
- conda: https://conda.anaconda.org/conda-forge/noarch/m2w64-sysroot_win-64-12.0.0.r4.gg4f2fc60ca-h42d2897_11.conda
  sha256: ca7fcc8646b5300f0cf2093d50eff16d19f4547923b0e89ffddbe2c9c73c4080
  md5: 99b29d29cef9ff656168331a4332ba0c
  depends:
  - m2-conda-epoch
  - ucrt
  - mingw-w64-ucrt-x86_64-windows-default-manifest
  - mingw-w64-ucrt-x86_64-crt-git ==12.0.0.r4.gg4f2fc60ca h8858e54_11
  - mingw-w64-ucrt-x86_64-headers-git ==12.0.0.r4.gg4f2fc60ca hc364b38_11
  - mingw-w64-ucrt-x86_64-winpthreads-git ==12.0.0.r4.gg4f2fc60ca h8858e54_11
  license: ZPL-2.1 AND LGPL-2.1-or-later and MIT AND BSD-3-Clause-Clear
  run_exports:
    strong:
    - libwinpthread >=12.0.0.r4.gg4f2fc60ca
  size: 10102
  timestamp: 1787269335643
- conda: https://conda.anaconda.org/conda-forge/noarch/mingw-w64-ucrt-x86_64-crt-git-12.0.0.r4.gg4f2fc60ca-h8858e54_11.conda
  sha256: d45ed03f3900cf1c9648fa77ee4838e472a39caaa85e46688d027f63c5fe0030
  md5: dddede49d2bc8a7ff22ce6c5664559b1
  depends:
  - m2-conda-epoch
  - mingw-w64-ucrt-x86_64-headers-git ==12.0.0.r4.gg4f2fc60ca hc364b38_11
  constrains:
  - mingw-w64-ucrt-x86_64-winpthreads-git 12.0.0.r4.gg4f2fc60ca.*
  license: ZPL-2.1
  run_exports: {}
  size: 4865345
  timestamp: 1787269335643
- conda: https://conda.anaconda.org/conda-forge/noarch/mingw-w64-ucrt-x86_64-headers-git-12.0.0.r4.gg4f2fc60ca-hc364b38_11.conda
  sha256: 8254ab606643b786b785eff19ce4ef9605e18602eb1cf19b03efef162f48d1cf
  md5: f17030ca039aaba258d78f9014acc497
  depends:
  - m2-conda-epoch
  constrains:
  - mingw-w64-ucrt-x86_64-crt-git 12.0.0.r4.gg4f2fc60ca.*
  - mingw-w64-ucrt-x86_64-winpthreads-git 12.0.0.r4.gg4f2fc60ca.*
  license: ZPL-2.1 AND LGPL-2.1-or-later
  run_exports: {}
  size: 7162362
  timestamp: 1787269335643
- conda: https://conda.anaconda.org/conda-forge/noarch/mingw-w64-ucrt-x86_64-windows-default-manifest-6.4-he206cdd_7.conda
  sha256: 5b0df4e0ba8487ffd59f60c34c5dbb9e001ecd2c5d2c66ba88eada40bfa3ecb8
  md5: 1d6b5c96d7e3cce773519d7d1a4482f0
  depends:
  - __win
  constrains:
  - m2w64-sysroot_win-64 >=12.0.0.r0
  license: FSFAP
  run_exports: {}
  size: 7412
  timestamp: 1717486007140
- conda: https://conda.anaconda.org/conda-forge/noarch/mingw-w64-ucrt-x86_64-winpthreads-git-12.0.0.r4.gg4f2fc60ca-h8858e54_11.conda
  sha256: 3dda862113a24986efcb0dd581aedac346bcb85bd67ac69ffdd8771b33cc2b17
  md5: a9cfd4b4702103853dfc473ccaa6fbf6
  depends:
  - mingw-w64-ucrt-x86_64-headers-git ==12.0.0.r4.gg4f2fc60ca hc364b38_11
  - m2-conda-epoch
  constrains:
  - mingw-w64-ucrt-x86_64-crt-git 12.0.0.r4.gg4f2fc60ca.*
  license: MIT AND BSD-3-Clause-Clear
  run_exports: {}
  size: 56813
  timestamp: 1787269335643
- conda: https://conda.anaconda.org/conda-forge/noarch/pefile-2024.8.26-pyhd8ed1ab_1.conda
  sha256: 3d8acc1ca0d4903f401d5a771339807fe09ff037f5cc00700165c35780cbc7dc
  md5: 2c05ab748b954301211280c3c1a64b88
  depends:
  - python >=3.9
  license: MIT
  license_family: MIT
  run_exports: {}
  size: 69576
  timestamp: 1734648829863
- conda: https://conda.anaconda.org/conda-forge/noarch/python_abi-3.14-8_cp314t.conda
  build_number: 8
  sha256: d9ed2538fba61265a330ee1b1afe99a4bb23ace706172b9464546c7e01259d63
  md5: 3251796e09870c978e0f69fa05e38fb6
  constrains:
  - python 3.14.* *_cp314t
  license: BSD-3-Clause
  license_family: BSD
  run_exports: {}
  size: 7020
  timestamp: 1752805919426
- conda: https://conda.anaconda.org/conda-forge/noarch/setuptools-84.0.0-pyh332efcf_0.conda
  sha256: 9e200ee5f9ff19a4d94e4b51c4856d53dec849f91032f345cf0c6bc3d51a7183
  md5: 62ac906f1cd582c6c264c95625cb9d6f
  depends:
  - python >=3.10
  license: MIT
  license_family: MIT
  run_exports: {}
  size: 524488
  timestamp: 1786282924579
- conda: https://conda.anaconda.org/conda-forge/noarch/tzdata-2026c-h151e31d_0.conda
  sha256: b928c30ddcb0e3f544c6eade8352737e6e610e263276b90232db6a578ef899d8
  md5: fcb489df604d100968b737f2cb6076c6
  license: LicenseRef-Public-Domain
  run_exports: {}
  size: 118849
  timestamp: 1784250406640
- conda: https://conda.anaconda.org/conda-forge/noarch/zipp-4.1.0-pyhcf101f3_0.conda
  sha256: 210bd31c22bb88f5e2a167df24c95bb5f152b2ada7502f9b8c49d1f5366db423
  md5: ba3dcdc8584155c97c648ae9c044b7a3
  depends:
  - python >=3.10
  - python
  license: MIT
  license_family: MIT
  run_exports: {}
  size: 24190
  timestamp: 1779159948016
- conda: https://conda.anaconda.org/conda-forge/win-64/_openmp_mutex-4.5-20_gnu.conda
  build_number: 20
  sha256: 8a1cee28bd0ee7451ada1cd50b64720e57e17ff994fc62dd8329bef570d382e4
  md5: 1626967b574d1784b578b52eaeb071e7
  depends:
  - libgomp >=7.5.0
  - libwinpthread >=12.0.0.r4.gg4f2fc60ca
  constrains:
  - openmp_impl <0.0a0
  - msys2-conda-epoch <0.0a0
  license: BSD-3-Clause
  license_family: BSD
  run_exports:
    strong:
    - _openmp_mutex >=4.5
  size: 52252
  timestamp: 1770943776666
- conda: https://conda.anaconda.org/conda-forge/win-64/binutils_impl_win-64-2.40-h095e170_7.conda
  sha256: 1584bfe2143546a808299112efb994bb4141c5373206a6a6ad69ead2b752b181
  md5: ca166208c79e9483ffda15eb8258d48f
  depends:
  - ld_impl_win-64 2.40 hae1bf67_7
  - m2w64-sysroot_win-64 >=12.0.0.r0
  license: GPL-3.0-only
  license_family: GPL
  run_exports: {}
  size: 4657834
  timestamp: 1718625439387
- conda: https://conda.anaconda.org/conda-forge/win-64/binutils_win-64-2.40-hc5e58ff_9.conda
  sha256: 9d415b164ead5bb537ef07c5925cd97c6d4d1c9d375813400c596b135bfaddda
  md5: 38cd8001554cff350f06d329634d3889
  depends:
  - binutils_impl_win-64 2.40.*
  - m2w64-sysroot_win-64
  license: BSD-3-Clause
  license_family: BSD
  run_exports: {}
  size: 29343
  timestamp: 1719005475619
- conda: https://conda.anaconda.org/conda-forge/win-64/bzip2-1.0.8-h0ad9c76_10.conda
  sha256: 04767466ee9227c9c57ab2c6503e0149177d34111c7418d2f420297acb1eb229
  md5: c3301c058362f340100d91cd8be0393f
  depends:
  - ucrt >=10.0.20348.0
  - vc >=14.3,<15
  - vc14_runtime >=14.44.35208
  license: bzip2-1.0.6
  license_family: BSD
  run_exports:
    weak:
    - bzip2 >=1.0.8,<2.0a0
  size: 55919
  timestamp: 1785906343696
- conda: https://conda.anaconda.org/conda-forge/win-64/capstone-5.0.9-py314hac7e1cd_1.conda
  sha256: 848a5d80c18c21798f207437c3a28b23c5e387166f17fd3d4ecae6da38867137
  md5: 19ce2a5d5bf97fab931b98813835262f
  depends:
  - importlib_resources
  - libcapstone 5.0.9 hfd05255_1
  - python >=3.14,<3.15.0a0
  - python_abi 3.14.* *_cp314t
  - setuptools
  - ucrt >=10.0.20348.0
  - vc >=14.3,<15
  - vc14_runtime >=14.44.35208
  license: BSD-3-Clause
  license_family: BSD
  run_exports: {}
  size: 209526
  timestamp: 1784883438020
- conda: https://conda.anaconda.org/conda-forge/win-64/cmake-3.31.8-hdcbee5b_0.conda
  sha256: 074400a63931d8d571b2b2284bc5f105fd578c381847b05d5e3d0b03c3db8f69
  md5: 96afa0e05c4a683b1c3de91b0259b235
  depends:
  - bzip2 >=1.0.8,<2.0a0
  - libcurl >=8.14.1,<9.0a0
  - libexpat >=2.7.1,<3.0a0
  - liblzma >=5.8.1,<6.0a0
  - libuv >=1.51.0,<2.0a0
  - libzlib >=1.3.1,<2.0a0
  - ucrt >=10.0.20348.0
  - vc14_runtime >=14.44.35208
  - zstd >=1.5.7,<1.6.0a0
  license: BSD-3-Clause
  license_family: BSD
  run_exports: {}
  size: 14669008
  timestamp: 1757878123930
- conda: https://conda.anaconda.org/conda-forge/win-64/gcc_impl_win-64-13.2.0-h5ae647a_13.conda
  sha256: ba8256f70db09ac7f563359f4609d5618ea26be6801b261f5d7857cff918cacc
  md5: ffb93f9c22d77a175cb8ecf5e199befb
  depends:
  - binutils_impl_win-64 >=2.40
  - libgcc >=13.2.0
  - libgcc-devel_win-64 13.2.0 hd2b4ab7_113
  - libgomp >=13.2.0
  - libstdcxx >=13.2.0
  - m2w64-sysroot_win-64
  license: GPL-3.0-only WITH GCC-exception-3.1
  license_family: GPL
  run_exports: {}
  size: 51739061
  timestamp: 1719182097354
- conda: https://conda.anaconda.org/conda-forge/win-64/gcc_win-64-13.2.0-h218ae67_9.conda
  sha256: 8718df478b1e57e33baad83b85a6aac057c3fbfff5a17ecf08cc04aeb525d760
  md5: fabca82bf0ec785b2bbe76ec44a8c688
  depends:
  - binutils_win-64 2.40 hc5e58ff_9
  - gcc_impl_win-64 13.2.0.*
  - gendef
  - m2w64-sysroot_win-64
  license: BSD-3-Clause
  license_family: BSD
  run_exports:
    strong:
    - libgcc >=13
    - ucrt >=10.0.20348.0
  size: 31419
  timestamp: 1719005865546
- conda: https://conda.anaconda.org/conda-forge/win-64/gendef-v12.0.0.r1.ggdc42231f0-he1bec0e_2.conda
  sha256: ab5e10c99bff6ed9482c7293e2d8231d494756f81bebddfc42109c9d47c64385
  md5: 1ef764cd71f059154bf99cde8200ab19
  depends:
  - libwinpthread >=12.0.0.r4.gg4f2fc60ca
  - ucrt >=10.0.20348.0
  license: MIT AND GPL-3.0-or-later
  license_family: GPL
  run_exports: {}
  size: 87993
  timestamp: 1785196010972
- conda: https://conda.anaconda.org/conda-forge/win-64/gxx_impl_win-64-13.2.0-hef38fad_13.conda
  sha256: 552e391b956fd868951b10bb53c739b8812f427cda667fb4ef07ebbf1385faf2
  md5: 298b01f7c5aaf68b7bdbdb89fd697ced
  depends:
  - gcc_impl_win-64 13.2.0 h5ae647a_13
  - libstdcxx-devel_win-64 13.2.0 hd2b4ab7_113
  - m2w64-sysroot_win-64
  license: GPL-3.0-only WITH GCC-exception-3.1
  license_family: GPL
  run_exports: {}
  size: 12265013
  timestamp: 1719182369734
- conda: https://conda.anaconda.org/conda-forge/win-64/gxx_win-64-13.2.0-h218ae67_9.conda
  sha256: 70af385f42577f0261460c32a65b32f6b56c8ddd42a724a023283f1d153a7b53
  md5: 9083c400a5cdd4616ba021a76bcad984
  depends:
  - binutils_win-64 2.40 hc5e58ff_9
  - gcc_win-64 13.2.0 h218ae67_9
  - gxx_impl_win-64 13.2.0.*
  - m2w64-sysroot_win-64
  license: BSD-3-Clause
  license_family: BSD
  run_exports:
    strong:
    - libstdcxx >=13
    - libgcc >=13
    - ucrt >=10.0.20348.0
  size: 29796
  timestamp: 1719005873055
- conda: https://conda.anaconda.org/conda-forge/win-64/icu-78.3-h5112557_2.conda
  sha256: 75c549b55b673e15de8785a8e5dd85bca7eb612eee0ff4dc8d7bdaa15eacbdbb
  md5: e596942e8ee6ee17fdcf1e6a77757a66
  depends:
  - vc >=14.3,<15
  - vc14_runtime >=14.44.35208
  - ucrt >=10.0.20348.0
  license: MIT
  license_family: MIT
  run_exports:
    weak:
    - icu >=78.3,<79.0a0
  size: 16835644
  timestamp: 1784916416303
- conda: https://conda.anaconda.org/conda-forge/win-64/krb5-1.22.2-h719d79b_2.conda
  sha256: 63ff03324e903eb01a715ccf357df56d66224e61952fd6615d86490ebefb3285
  md5: 93f5a01dec294a2228f757fe2f3432d4
  depends:
  - openssl >=3.5.7,<4.0a0
  - ucrt >=10.0.20348.0
  - vc >=14.3,<15
  - vc14_runtime >=14.44.35208
  license: MIT
  license_family: MIT
  run_exports:
    weak:
    - krb5 >=1.22.2,<1.23.0a0
  size: 753425
  timestamp: 1786762169034
- conda: https://conda.anaconda.org/conda-forge/win-64/ld_impl_win-64-2.40-hae1bf67_7.conda
  sha256: 0e2a358698b3ea72a4dd38c11b85dbfd10844371ec4eddf7860dd12489d64f22
  md5: b3359ac3f7b9439aad9d9275c2f5764d
  constrains:
  - binutils_impl_win-64 2.40
  license: GPL-3.0-only
  license_family: GPL
  run_exports: {}
  size: 731021
  timestamp: 1718625411869
- conda: https://conda.anaconda.org/conda-forge/win-64/libcapstone-5.0.9-hfd05255_1.conda
  sha256: aab29983c0baed115f8bf4841bcfa4492a9049d14d1e502a3325f8acb9f1adb7
  md5: 4a8603e532c6370aa5436a61a58b7672
  depends:
  - ucrt >=10.0.20348.0
  - vc >=14.3,<15
  - vc14_runtime >=14.44.35208
  license: BSD-3-Clause
  license_family: BSD
  run_exports:
    weak:
    - libcapstone >=5.0.9,<5.0.10.0a0
  size: 907375
  timestamp: 1784883343756
- conda: https://conda.anaconda.org/conda-forge/win-64/libcurl-8.21.0-hdb0ef4a_5.conda
  sha256: bf5445ab8acfaccaf511d774f131cf0d99c5eef6b8def270e832ad26970d5011
  md5: 50861643cbe90dc7267feb7854b8efdf
  depends:
  - krb5 >=1.22.2,<1.23.0a0
  - libpsl >=0.23.1,<0.24.0a0
  - libssh2 >=1.11.1,<2.0a0
  - libzlib >=1.3.2,<2.0a0
  - ucrt >=10.0.20348.0
  - vc >=14.3,<15
  - vc14_runtime >=14.44.35208
  license: curl
  license_family: MIT
  run_exports:
    weak:
    - libcurl >=8.21.0,<9.0a0
  size: 405126
  timestamp: 1787183759927
- conda: https://conda.anaconda.org/conda-forge/win-64/libexpat-2.8.1-hac47afa_1.conda
  sha256: 1a54d874addda73b6f7164d5f3905821277a1831bcc05edd74b3085391688571
  md5: ccc490c81ffe14181861beac0e8f3169
  depends:
  - ucrt >=10.0.20348.0
  - vc >=14.3,<15
  - vc14_runtime >=14.44.35208
  constrains:
  - expat 2.8.1.*
  license: MIT
  license_family: MIT
  run_exports: {}
  size: 71631
  timestamp: 1781203724164
- conda: https://conda.anaconda.org/conda-forge/win-64/libffi-3.7.0-h3d046cb_0.conda
  sha256: 2ea8d2fe7b84ca37653777e15ac1e7abd35f0c90d3efbe7f6c4de9b489606369
  md5: 92bdfc0e5012660892b0e0eaf3069a5c
  depends:
  - ucrt >=10.0.20348.0
  - vc >=14.3,<15
  - vc14_runtime >=14.44.35208
  license: MIT
  license_family: MIT
  run_exports:
    weak:
    - libffi >=3.7.0,<3.8.0a0
  size: 50247
  timestamp: 1783521107166
- conda: https://conda.anaconda.org/conda-forge/win-64/libgcc-13.2.0-h1383e82_13.conda
  sha256: 75082dac3fe671c8c8a490d67e8b7669f2d54961241e985ae3c7c70279019938
  md5: 70a319710c08321bf1b3b0a34469ac23
  depends:
  - _openmp_mutex >=4.5
  - libwinpthread >=12.0.0.r2.ggc561118da
  constrains:
  - msys2-conda-epoch <0.0a0
  - libgomp 13.2.0 h1383e82_13
  license: GPL-3.0-only WITH GCC-exception-3.1
  license_family: GPL
  run_exports: {}
  size: 613711
  timestamp: 1719182015455
- conda: https://conda.anaconda.org/conda-forge/win-64/libgomp-13.2.0-h1383e82_13.conda
  sha256: c4bd78626cb01c4bdf08156e1f573a3ccb170bdc147eadea7cf22d65a1644f2e
  md5: 833a8272aec578a9cc7dcda90abc1d35
  depends:
  - libwinpthread >=12.0.0.r2.ggc561118da
  constrains:
  - msys2-conda-epoch <0.0a0
  license: GPL-3.0-only WITH GCC-exception-3.1
  license_family: GPL
  run_exports:
    strong:
    - _openmp_mutex >=4.5
  size: 511241
  timestamp: 1719181948912
- conda: https://conda.anaconda.org/conda-forge/win-64/liblzma-5.8.3-hfd05255_1.conda
  sha256: d36c4a1e1f80fd08e18a407e03622ff2f34dfdd022da6488ad19603dea19e6d5
  md5: 880a0c8549479b198af21ba5dc49b109
  depends:
  - ucrt >=10.0.20348.0
  - vc >=14.3,<15
  - vc14_runtime >=14.44.35208
  constrains:
  - xz 5.8.3.*
  license: 0BSD
  run_exports:
    weak:
    - liblzma >=5.8.3,<6.0a0
  size: 105809
  timestamp: 1786348717883
- conda: https://conda.anaconda.org/conda-forge/win-64/libmpdec-4.0.0-hfd05255_2.conda
  sha256: f07e451de3db1836b87f7aedf95c8e65cdb06c0e6105329ba24bb5f7b5c75e2a
  md5: 5ae92fd6614edd024576e14069d7ad4c
  depends:
  - ucrt >=10.0.20348.0
  - vc >=14.3,<15
  - vc14_runtime >=14.44.35208
  license: BSD-2-Clause
  license_family: BSD
  run_exports: {}
  size: 89109
  timestamp: 1786650384519
- conda: https://conda.anaconda.org/conda-forge/win-64/libpsl-0.23.1-h9b16d47_1.conda
  sha256: e53fe3b09f82b59b644264133d6d148ac31bb5451b7583cff55690bf038f2f62
  md5: 39cdf8c4f59e4d253cfa8091c8b3d7de
  depends:
  - vc >=14.3,<15
  - vc14_runtime >=14.44.35208
  - ucrt >=10.0.20348.0
  - icu >=78.3,<79.0a0
  license: MIT
  license_family: MIT
  run_exports:
    weak:
    - libpsl >=0.23.1,<0.24.0a0
  size: 73511
  timestamp: 1786970749988
- conda: https://conda.anaconda.org/conda-forge/win-64/libsqlite-3.53.4-hf5d6505_1.conda
  sha256: 0a45d7c0f20146fff787a106f8fa187872e309c70975ff8f0936e188914c26ad
  md5: a72d495965b144bb7da033642d389047
  depends:
  - ucrt >=10.0.20348.0
  - vc >=14.3,<15
  - vc14_runtime >=14.44.35208
  license: blessing
  run_exports:
    weak:
    - libsqlite >=3.53.4,<4.0a0
  size: 1314919
  timestamp: 1787051140039
- conda: https://conda.anaconda.org/conda-forge/win-64/libssh2-1.11.1-h734d217_1.conda
  sha256: 1097b08429b4f53f5751a32c6d99a083d227ca7f7812c0b239eea124cec073a0
  md5: a21dd9ca39e74910bb96989feb916420
  depends:
  - libzlib >=1.3.2,<2.0a0
  - openssl >=3.5.7,<4.0a0
  - ucrt >=10.0.20348.0
  - vc >=14.3,<15
  - vc14_runtime >=14.44.35208
  license: BSD-3-Clause
  license_family: BSD
  run_exports:
    weak:
    - libssh2 >=1.11.1,<2.0a0
  size: 295149
  timestamp: 1786713186180
- conda: https://conda.anaconda.org/conda-forge/win-64/libstdcxx-13.2.0-h904f734_13.conda
  sha256: f4f47002848293d320488807ec2fa67957abf703fd1ddbfbb71b201290ae688b
  md5: 087fb1bd6d7e23e68a1bcb18757d629d
  depends:
  - libgcc 13.2.0 h1383e82_13
  - libwinpthread >=12.0.0.r2.ggc561118da
  license: GPL-3.0-only WITH GCC-exception-3.1
  license_family: GPL
  run_exports: {}
  size: 4469120
  timestamp: 1719182039844
- conda: https://conda.anaconda.org/conda-forge/win-64/libuv-1.52.1-h6a83c73_1.conda
  sha256: 0d62467380061cd0fa4b27e579c805a95c7ef55a41ecb067de0c4d2d42490c66
  md5: 4ccef39545e98553cc900ea557dff085
  depends:
  - vc >=14.3,<15
  - vc14_runtime >=14.44.35208
  - ucrt >=10.0.20348.0
  license: MIT
  license_family: MIT
  run_exports:
    weak:
    - libuv >=1.52.1,<2.0a0
  size: 331195
  timestamp: 1785914602690
- conda: https://conda.anaconda.org/conda-forge/win-64/libwinpthread-12.0.0.r4.gg4f2fc60ca-h11686cb_11.conda
  sha256: 988c8fe5fca9e3510fd0b5671d67ae42c1fd632f8bd28f832a6735970eb69a36
  md5: fc1e6626817ba55a0d141858d6c0ef5d
  depends:
  - ucrt
  constrains:
  - msys2-conda-epoch <0.0a0
  - pthreads-win32 <0.0a0
  license: MIT AND BSD-3-Clause-Clear
  run_exports: {}
  size: 37145
  timestamp: 1787269335643
- conda: https://conda.anaconda.org/conda-forge/win-64/libzlib-1.3.2-hfd05255_3.conda
  sha256: 0629c2cc0404d3bb29d6baa7b4ba62da80797015e86de050db81ea5a07050527
  md5: 5d2ff29d465097458cc3ff6569151991
  depends:
  - ucrt >=10.0.20348.0
  - vc >=14.3,<15
  - vc14_runtime >=14.44.35208
  constrains:
  - zlib 1.3.2 *_3
  license: Zlib
  license_family: Other
  run_exports:
    weak:
    - libzlib >=1.3.2,<2.0a0
  size: 58529
  timestamp: 1785276664143
- conda: https://conda.anaconda.org/conda-forge/win-64/m2-conda-epoch-20250515-0_x86_64.conda
  build_number: 0
  sha256: 51e9214548f177db9c3fe70424e3774c95bf19cd69e0e56e83abe2e393228ba1
  md5: 7d60fb16df2cd07fbc3dbff1c9df4244
  constrains:
  - msys2-conda-epoch <0.0a0
  license: BSD-3-Clause
  license_family: BSD
  run_exports:
    weak:
    - m2-conda-epoch 20250515 *_x86_64
    noarch:
    - m2-conda-epoch 20250515 *_x86_64
  size: 7539
  timestamp: 1747330852019
- conda: https://conda.anaconda.org/conda-forge/win-64/ninja-1.13.2-h477610d_1.conda
  sha256: 002bce37e87e39c6a1e5577b1018d294cd4517ba9c4be2ece92e5706acac41f5
  md5: 3a6804d04ecaf02987a075d5faf34877
  depends:
  - vc >=14.3,<15
  - vc14_runtime >=14.44.35208
  - ucrt >=10.0.20348.0
  license: Apache-2.0
  license_family: APACHE
  run_exports: {}
  size: 309772
  timestamp: 1786713090968
- conda: https://conda.anaconda.org/conda-forge/win-64/openssl-3.6.3-hf411b9b_1.conda
  sha256: 2ebff5a1b5793e82495bf33c91fba040e11ff23333c2385ac66d0c3aee2cc14c
  md5: a978392692a910ba1c8920ccb1e784b3
  depends:
  - ca-certificates
  - ucrt >=10.0.20348.0
  - vc >=14.3,<15
  - vc14_runtime >=14.44.35208
  license: Apache-2.0
  license_family: Apache
  run_exports:
    weak:
    - openssl >=3.6.3,<4.0a0
  size: 9427535
  timestamp: 1785915614585
- conda: https://conda.anaconda.org/conda-forge/win-64/python-3.14.7-hb4b0029_0_cp314t.conda
  sha256: 6973987b7e0566f6b0a84ac3babce32d0d712c08f87f8f98dd33fbc50cc9a501
  md5: 6104cc75e763f0463594d3163bd06cb3
  depends:
  - bzip2 >=1.0.8,<2.0a0
  - libexpat >=2.8.1,<3.0a0
  - libffi >=3.7.0,<3.8.0a0
  - liblzma >=5.8.3,<6.0a0
  - libmpdec >=4.0.0,<5.0a0
  - libsqlite >=3.53.4,<4.0a0
  - libzlib >=1.3.2,<2.0a0
  - openssl >=3.5.7,<4.0a0
  - python_abi 3.14.* *_cp314t
  - tk >=8.6.13,<8.7.0a0
  - tzdata
  - ucrt >=10.0.20348.0
  - vc >=14.3,<15
  - vc14_runtime >=14.44.35208
  - zstd >=1.5.7,<1.6.0a0
  license: Python-2.0
  run_exports:
    weak:
    - python_abi 3.14.* *_cp314t
    noarch:
    - python
  size: 18472333
  timestamp: 1787155202096
  python_site_packages_path: Lib/site-packages
- conda: https://conda.anaconda.org/conda-forge/win-64/tk-8.6.13-h967ab96_4.conda
  sha256: f19618a3a82cc483dacf1c70a30367ee7b0c7e71b90f1f80e14feff44fbd3688
  md5: dd9eb33c99d352b6356f86964d6040f7
  depends:
  - vc >=14.3,<15
  - vc14_runtime >=14.44.35208
  - ucrt >=10.0.20348.0
  license: TCL
  run_exports:
    weak:
    - tk >=8.6.13,<8.7.0a0
  size: 3782376
  timestamp: 1787272860855
- conda: https://conda.anaconda.org/conda-forge/win-64/ucrt-10.0.26100.0-h57928b3_0.conda
  sha256: 3005729dce6f3d3f5ec91dfc49fc75a0095f9cd23bab49efb899657297ac91a5
  md5: 71b24316859acd00bdb8b38f5e2ce328
  constrains:
  - vc14_runtime >=14.29.30037
  - vs2015_runtime >=14.29.30037
  license: LicenseRef-MicrosoftWindowsSDK10
  run_exports: {}
  size: 694692
  timestamp: 1756385147981
- conda: https://conda.anaconda.org/conda-forge/win-64/vc-14.5-ha367084_41.conda
  sha256: 35444c55a92e2f7f7ba26bc70f81e56e52344f7d064c0fd4b40a46a58517b79c
  md5: aa805b5522c2a98fa286e551a1f48546
  depends:
  - vc14_runtime >=14.51.36247
  track_features:
  - vc14
  license: BSD-3-Clause
  license_family: BSD
  run_exports: {}
  size: 21383
  timestamp: 1785359368566
- conda: https://conda.anaconda.org/conda-forge/win-64/vc14_runtime-14.51.36247-habf1de7_41.conda
  sha256: 4e4cb599cdc41bf2109d1464c127b5bcbddf548ce3e322e612afb691338b48f8
  md5: ac5333bb3d429361f23adf704cc49a78
  depends:
  - ucrt >=10.0.20348.0
  - vcomp14 14.51.36247 habf1de7_41
  constrains:
  - vs2015_runtime 14.51.36247.* *_41
  license: LicenseRef-MicrosoftVisualCpp2015-2022Runtime
  license_family: Proprietary
  run_exports: {}
  size: 767955
  timestamp: 1785359364369
- conda: https://conda.anaconda.org/conda-forge/win-64/vcomp14-14.51.36247-habf1de7_41.conda
  sha256: 731e043390c9457299484d39e427221fc868a9249540a498a5a4f6456c7744d1
  md5: 350bb67a5c8e5f1c53347ac544ab6600
  depends:
  - ucrt >=10.0.20348.0
  constrains:
  - vs2015_runtime 14.51.36247.* *_41
  license: LicenseRef-MicrosoftVisualCpp2015-2022Runtime
  license_family: Proprietary
  run_exports:
    strong:
    - vcomp14 >=14.51.36247
  size: 155910
  timestamp: 1785359349999
- conda: https://conda.anaconda.org/conda-forge/win-64/zstd-1.5.7-h534d264_7.conda
  sha256: ca7daae4f218a11fab82cc2857f0ea518ec3f46acec60490485347a4c22c6b3e
  md5: e4ac308c39d6d0e131154976da67cf3b
  depends:
  - vc >=14.3,<15
  - vc14_runtime >=14.44.35208
  - ucrt >=10.0.20348.0
  - libzlib >=1.3.2,<2.0a0
  license: BSD-3-Clause
  license_family: BSD
  run_exports:
    weak:
    - zstd >=1.5.7,<1.6.0a0
  size: 387535
  timestamp: 1786599623274
